
Microsoft Visual Studio Solution File, Format Version 12.00
# Visual Studio 15
VisualStudioVersion = 15.0.27130.2020
MinimumVisualStudioVersion = 10.0.40219.1
Project("{FAE04EC0-301F-11D3-BF4B-00C04F79EFBC}") = "OptimAndGenerKode", "OptimAndGenerKode\OptimAndGenerKode.csproj", "{F7D83D16-1538-4C47-A737-654474B8827E}"
EndProject
Global
	GlobalSection(SolutionConfigurationPlatforms) = preSolution
		Debug|Any CPU = Debug|Any CPU
		Release|Any CPU = Release|Any CPU
	EndGlobalSection
	GlobalSection(ProjectConfigurationPlatforms) = postSolution
		{F7D83D16-1538-4C47-A737-654474B8827E}.Debug|Any CPU.ActiveCfg = Debug|Any CPU
		{F7D83D16-1538-4C47-A737-654474B8827E}.Debug|Any CPU.Build.0 = Debug|Any CPU
		{F7D83D16-1538-4C47-A737-654474B8827E}.Release|Any CPU.ActiveCfg = Release|Any CPU
		{F7D83D16-1538-4C47-A737-654474B8827E}.Release|Any CPU.Build.0 = Release|Any CPU
	EndGlobalSection
	GlobalSection(SolutionProperties) = preSolution
		HideSolutionNode = FALSE
	EndGlobalSection
	GlobalSection(ExtensibilityGlobals) = postSolution
		SolutionGuid = {87E00F84-BF0A-4E0F-A2AB-E6458CA5CDA4}
	EndGlobalSection
EndGlobal
