
Microsoft Visual Studio Solution File, Format Version 12.00
# Visual Studio 15
VisualStudioVersion = 15.0.27130.2020
MinimumVisualStudioVersion = 10.0.40219.1
Project("{FAE04EC0-301F-11D3-BF4B-00C04F79EFBC}") = "Task1", "Task1\Task1.csproj", "{A713722F-4EDA-49A1-89B7-0DF6ACB80AF4}"
EndProject
Project("{FAE04EC0-301F-11D3-BF4B-00C04F79EFBC}") = "Task2", "Task2\Task2.csproj", "{49B026B4-01E9-49E7-83AE-AD26346651E0}"
EndProject
Global
	GlobalSection(SolutionConfigurationPlatforms) = preSolution
		Debug|Any CPU = Debug|Any CPU
		Release|Any CPU = Release|Any CPU
	EndGlobalSection
	GlobalSection(ProjectConfigurationPlatforms) = postSolution
		{A713722F-4EDA-49A1-89B7-0DF6ACB80AF4}.Debug|Any CPU.ActiveCfg = Debug|Any CPU
		{A713722F-4EDA-49A1-89B7-0DF6ACB80AF4}.Debug|Any CPU.Build.0 = Debug|Any CPU
		{A713722F-4EDA-49A1-89B7-0DF6ACB80AF4}.Release|Any CPU.ActiveCfg = Release|Any CPU
		{A713722F-4EDA-49A1-89B7-0DF6ACB80AF4}.Release|Any CPU.Build.0 = Release|Any CPU
		{49B026B4-01E9-49E7-83AE-AD26346651E0}.Debug|Any CPU.ActiveCfg = Debug|Any CPU
		{49B026B4-01E9-49E7-83AE-AD26346651E0}.Debug|Any CPU.Build.0 = Debug|Any CPU
		{49B026B4-01E9-49E7-83AE-AD26346651E0}.Release|Any CPU.ActiveCfg = Release|Any CPU
		{49B026B4-01E9-49E7-83AE-AD26346651E0}.Release|Any CPU.Build.0 = Release|Any CPU
	EndGlobalSection
	GlobalSection(SolutionProperties) = preSolution
		HideSolutionNode = FALSE
	EndGlobalSection
	GlobalSection(ExtensibilityGlobals) = postSolution
		SolutionGuid = {72AF4201-6432-4119-AA46-A68B1D0412AB}
	EndGlobalSection
EndGlobal
